// !$*UTF8*$!
{
	archiveVersion = 1;
	classes = {
	};
	objectVersion = 55;
	objects = {

/* Begin PBXBuildFile section */
		02A33E0827F622BA0063C0FC /* CharacterListViewModel.swift in Sources */ = {isa = PBXBuildFile; fileRef = 02A33E0727F622BA0063C0FC /* CharacterListViewModel.swift */; };
		02A33E0E27F62D000063C0FC /* BaseViewController.swift in Sources */ = {isa = PBXBuildFile; fileRef = 02A33E0D27F62D000063C0FC /* BaseViewController.swift */; };
		02A33E1227F632C20063C0FC /* BaseViewModel.swift in Sources */ = {isa = PBXBuildFile; fileRef = 02A33E1127F632C20063C0FC /* BaseViewModel.swift */; };
		02A33E1527F635050063C0FC /* CharacterListCollectionViewCell.swift in Sources */ = {isa = PBXBuildFile; fileRef = 02A33E1427F635050063C0FC /* CharacterListCollectionViewCell.swift */; };
		02A33E1E27F6398B0063C0FC /* APIManager.swift in Sources */ = {isa = PBXBuildFile; fileRef = 02A33E1D27F6398B0063C0FC /* APIManager.swift */; };
		02A33E2027F6399F0063C0FC /* DataProvider.swift in Sources */ = {isa = PBXBuildFile; fileRef = 02A33E1F27F6399F0063C0FC /* DataProvider.swift */; };
		02A33E2227F639DA0063C0FC /* TypeAliases.swift in Sources */ = {isa = PBXBuildFile; fileRef = 02A33E2127F639DA0063C0FC /* TypeAliases.swift */; };
		02A33E2427F639FC0063C0FC /* HTTPMethods.swift in Sources */ = {isa = PBXBuildFile; fileRef = 02A33E2327F639FC0063C0FC /* HTTPMethods.swift */; };
		02A33E2627F63AE10063C0FC /* Constants.swift in Sources */ = {isa = PBXBuildFile; fileRef = 02A33E2527F63AE10063C0FC /* Constants.swift */; };
		02FBD7FD27F60AE700959860 /* AppDelegate.swift in Sources */ = {isa = PBXBuildFile; fileRef = 02FBD7FC27F60AE700959860 /* AppDelegate.swift */; };
		02FBD7FF27F60AE700959860 /* SceneDelegate.swift in Sources */ = {isa = PBXBuildFile; fileRef = 02FBD7FE27F60AE700959860 /* SceneDelegate.swift */; };
		02FBD80127F60AE700959860 /* CharacterListViewController.swift in Sources */ = {isa = PBXBuildFile; fileRef = 02FBD80027F60AE700959860 /* CharacterListViewController.swift */; };
		02FBD80627F60AE800959860 /* Assets.xcassets in Resources */ = {isa = PBXBuildFile; fileRef = 02FBD80527F60AE800959860 /* Assets.xcassets */; };
		02FBD80927F60AE800959860 /* LaunchScreen.storyboard in Resources */ = {isa = PBXBuildFile; fileRef = 02FBD80727F60AE800959860 /* LaunchScreen.storyboard */; };
		F4FF43733CDA2E2459650213 /* Pods_RickAndMortyApp.framework in Frameworks */ = {isa = PBXBuildFile; fileRef = E875CBBCF13809C373B1ACE7 /* Pods_RickAndMortyApp.framework */; };
/* End PBXBuildFile section */

/* Begin PBXFileReference section */
		02A33E0727F622BA0063C0FC /* CharacterListViewModel.swift */ = {isa = PBXFileReference; lastKnownFileType = sourcecode.swift; path = CharacterListViewModel.swift; sourceTree = "<group>"; };
		02A33E0D27F62D000063C0FC /* BaseViewController.swift */ = {isa = PBXFileReference; lastKnownFileType = sourcecode.swift; path = BaseViewController.swift; sourceTree = "<group>"; };
		02A33E1127F632C20063C0FC /* BaseViewModel.swift */ = {isa = PBXFileReference; lastKnownFileType = sourcecode.swift; path = BaseViewModel.swift; sourceTree = "<group>"; };
		02A33E1427F635050063C0FC /* CharacterListCollectionViewCell.swift */ = {isa = PBXFileReference; lastKnownFileType = sourcecode.swift; path = CharacterListCollectionViewCell.swift; sourceTree = "<group>"; };
		02A33E1D27F6398B0063C0FC /* APIManager.swift */ = {isa = PBXFileReference; lastKnownFileType = sourcecode.swift; path = APIManager.swift; sourceTree = "<group>"; };
		02A33E1F27F6399F0063C0FC /* DataProvider.swift */ = {isa = PBXFileReference; lastKnownFileType = sourcecode.swift; path = DataProvider.swift; sourceTree = "<group>"; };
		02A33E2127F639DA0063C0FC /* TypeAliases.swift */ = {isa = PBXFileReference; lastKnownFileType = sourcecode.swift; path = TypeAliases.swift; sourceTree = "<group>"; };
		02A33E2327F639FC0063C0FC /* HTTPMethods.swift */ = {isa = PBXFileReference; lastKnownFileType = sourcecode.swift; path = HTTPMethods.swift; sourceTree = "<group>"; };
		02A33E2527F63AE10063C0FC /* Constants.swift */ = {isa = PBXFileReference; lastKnownFileType = sourcecode.swift; path = Constants.swift; sourceTree = "<group>"; };
		02FBD7F927F60AE700959860 /* RickAndMortyApp.app */ = {isa = PBXFileReference; explicitFileType = wrapper.application; includeInIndex = 0; path = RickAndMortyApp.app; sourceTree = BUILT_PRODUCTS_DIR; };
		02FBD7FC27F60AE700959860 /* AppDelegate.swift */ = {isa = PBXFileReference; lastKnownFileType = sourcecode.swift; path = AppDelegate.swift; sourceTree = "<group>"; };
		02FBD7FE27F60AE700959860 /* SceneDelegate.swift */ = {isa = PBXFileReference; lastKnownFileType = sourcecode.swift; path = SceneDelegate.swift; sourceTree = "<group>"; };
		02FBD80027F60AE700959860 /* CharacterListViewController.swift */ = {isa = PBXFileReference; lastKnownFileType = sourcecode.swift; path = CharacterListViewController.swift; sourceTree = "<group>"; };
		02FBD80527F60AE800959860 /* Assets.xcassets */ = {isa = PBXFileReference; lastKnownFileType = folder.assetcatalog; path = Assets.xcassets; sourceTree = "<group>"; };
		02FBD80827F60AE800959860 /* Base */ = {isa = PBXFileReference; lastKnownFileType = file.storyboard; name = Base; path = Base.lproj/LaunchScreen.storyboard; sourceTree = "<group>"; };
		02FBD80A27F60AE800959860 /* Info.plist */ = {isa = PBXFileReference; lastKnownFileType = text.plist.xml; path = Info.plist; sourceTree = "<group>"; };
		6F770081A8C333C24E872091 /* Pods-RickAndMortyApp.release.xcconfig */ = {isa = PBXFileReference; includeInIndex = 1; lastKnownFileType = text.xcconfig; name = "Pods-RickAndMortyApp.release.xcconfig"; path = "Target Support Files/Pods-RickAndMortyApp/Pods-RickAndMortyApp.release.xcconfig"; sourceTree = "<group>"; };
		E719811B4F7EBCD6E7AE9E0E /* Pods-RickAndMortyApp.debug.xcconfig */ = {isa = PBXFileReference; includeInIndex = 1; lastKnownFileType = text.xcconfig; name = "Pods-RickAndMortyApp.debug.xcconfig"; path = "Target Support Files/Pods-RickAndMortyApp/Pods-RickAndMortyApp.debug.xcconfig"; sourceTree = "<group>"; };
		E875CBBCF13809C373B1ACE7 /* Pods_RickAndMortyApp.framework */ = {isa = PBXFileReference; explicitFileType = wrapper.framework; includeInIndex = 0; path = Pods_RickAndMortyApp.framework; sourceTree = BUILT_PRODUCTS_DIR; };
/* End PBXFileReference section */

/* Begin PBXFrameworksBuildPhase section */
		02FBD7F627F60AE700959860 /* Frameworks */ = {
			isa = PBXFrameworksBuildPhase;
			buildActionMask = 2147483647;
			files = (
				F4FF43733CDA2E2459650213 /* Pods_RickAndMortyApp.framework in Frameworks */,
			);
			runOnlyForDeploymentPostprocessing = 0;
		};
/* End PBXFrameworksBuildPhase section */

/* Begin PBXGroup section */
		02A33E0127F60DD70063C0FC /* Scenes */ = {
			isa = PBXGroup;
			children = (
				02A33E0427F60F200063C0FC /* CharacterList */,
			);
			path = Scenes;
			sourceTree = "<group>";
		};
		02A33E0227F60E320063C0FC /* Supporting Files */ = {
			isa = PBXGroup;
			children = (
				02FBD7FC27F60AE700959860 /* AppDelegate.swift */,
				02FBD7FE27F60AE700959860 /* SceneDelegate.swift */,
				02FBD80727F60AE800959860 /* LaunchScreen.storyboard */,
				02FBD80527F60AE800959860 /* Assets.xcassets */,
			);
			path = "Supporting Files";
			sourceTree = "<group>";
		};
		02A33E0427F60F200063C0FC /* CharacterList */ = {
			isa = PBXGroup;
			children = (
				02FBD80027F60AE700959860 /* CharacterListViewController.swift */,
				02A33E0727F622BA0063C0FC /* CharacterListViewModel.swift */,
			);
			path = CharacterList;
			sourceTree = "<group>";
		};
		02A33E0C27F62CF00063C0FC /* Base */ = {
			isa = PBXGroup;
			children = (
				02A33E0D27F62D000063C0FC /* BaseViewController.swift */,
				02A33E1127F632C20063C0FC /* BaseViewModel.swift */,
			);
			path = Base;
			sourceTree = "<group>";
		};
		02A33E1327F634DF0063C0FC /* Components */ = {
			isa = PBXGroup;
			children = (
				02A33E1427F635050063C0FC /* CharacterListCollectionViewCell.swift */,
			);
			path = Components;
			sourceTree = "<group>";
		};
		02A33E1827F637480063C0FC /* Utilities */ = {
			isa = PBXGroup;
			children = (
				02A33E2127F639DA0063C0FC /* TypeAliases.swift */,
				02A33E2527F63AE10063C0FC /* Constants.swift */,
			);
			path = Utilities;
			sourceTree = "<group>";
		};
		02A33E1B27F639420063C0FC /* Network */ = {
			isa = PBXGroup;
			children = (
				02A33E1D27F6398B0063C0FC /* APIManager.swift */,
				02A33E1F27F6399F0063C0FC /* DataProvider.swift */,
				02A33E2327F639FC0063C0FC /* HTTPMethods.swift */,
			);
			path = Network;
			sourceTree = "<group>";
		};
		02FBD7F027F60AE700959860 = {
			isa = PBXGroup;
			children = (
				02FBD7FB27F60AE700959860 /* RickAndMortyApp */,
				02FBD7FA27F60AE700959860 /* Products */,
				DAEE4BFD81719B76E92119CA /* Pods */,
				7B098AE7E518151B738D11FD /* Frameworks */,
			);
			sourceTree = "<group>";
		};
		02FBD7FA27F60AE700959860 /* Products */ = {
			isa = PBXGroup;
			children = (
				02FBD7F927F60AE700959860 /* RickAndMortyApp.app */,
			);
			name = Products;
			sourceTree = "<group>";
		};
		02FBD7FB27F60AE700959860 /* RickAndMortyApp */ = {
			isa = PBXGroup;
			children = (
				02A33E0C27F62CF00063C0FC /* Base */,
				02A33E0127F60DD70063C0FC /* Scenes */,
				02A33E1B27F639420063C0FC /* Network */,
				02A33E1327F634DF0063C0FC /* Components */,
				02A33E0227F60E320063C0FC /* Supporting Files */,
				02A33E1827F637480063C0FC /* Utilities */,
				02FBD80A27F60AE800959860 /* Info.plist */,
			);
			path = RickAndMortyApp;
			sourceTree = "<group>";
		};
		7B098AE7E518151B738D11FD /* Frameworks */ = {
			isa = PBXGroup;
			children = (
				E875CBBCF13809C373B1ACE7 /* Pods_RickAndMortyApp.framework */,
			);
			name = Frameworks;
			sourceTree = "<group>";
		};
		DAEE4BFD81719B76E92119CA /* Pods */ = {
			isa = PBXGroup;
			children = (
				E719811B4F7EBCD6E7AE9E0E /* Pods-RickAndMortyApp.debug.xcconfig */,
				6F770081A8C333C24E872091 /* Pods-RickAndMortyApp.release.xcconfig */,
			);
			path = Pods;
			sourceTree = "<group>";
		};
/* End PBXGroup section */

/* Begin PBXNativeTarget section */
		02FBD7F827F60AE700959860 /* RickAndMortyApp */ = {
			isa = PBXNativeTarget;
			buildConfigurationList = 02FBD80D27F60AE800959860 /* Build configuration list for PBXNativeTarget "RickAndMortyApp" */;
			buildPhases = (
				7EF4E0D2F3463DB1E276AE3E /* [CP] Check Pods Manifest.lock */,
				02FBD7F527F60AE700959860 /* Sources */,
				02FBD7F627F60AE700959860 /* Frameworks */,
				02FBD7F727F60AE700959860 /* Resources */,
				FDB6703340B64B98ED13C280 /* [CP] Embed Pods Frameworks */,
			);
			buildRules = (
			);
			dependencies = (
			);
			name = RickAndMortyApp;
			productName = RickAndMortyApp;
			productReference = 02FBD7F927F60AE700959860 /* RickAndMortyApp.app */;
			productType = "com.apple.product-type.application";
		};
/* End PBXNativeTarget section */

/* Begin PBXProject section */
		02FBD7F127F60AE700959860 /* Project object */ = {
			isa = PBXProject;
			attributes = {
				BuildIndependentTargetsInParallel = 1;
				LastSwiftUpdateCheck = 1320;
				LastUpgradeCheck = 1320;
				TargetAttributes = {
					02FBD7F827F60AE700959860 = {
						CreatedOnToolsVersion = 13.2.1;
					};
				};
			};
			buildConfigurationList = 02FBD7F427F60AE700959860 /* Build configuration list for PBXProject "RickAndMortyApp" */;
			compatibilityVersion = "Xcode 13.0";
			developmentRegion = en;
			hasScannedForEncodings = 0;
			knownRegions = (
				en,
				Base,
			);
			mainGroup = 02FBD7F027F60AE700959860;
			productRefGroup = 02FBD7FA27F60AE700959860 /* Products */;
			projectDirPath = "";
			projectRoot = "";
			targets = (
				02FBD7F827F60AE700959860 /* RickAndMortyApp */,
			);
		};
/* End PBXProject section */

/* Begin PBXResourcesBuildPhase section */
		02FBD7F727F60AE700959860 /* Resources */ = {
			isa = PBXResourcesBuildPhase;
			buildActionMask = 2147483647;
			files = (
				02FBD80927F60AE800959860 /* LaunchScreen.storyboard in Resources */,
				02FBD80627F60AE800959860 /* Assets.xcassets in Resources */,
			);
			runOnlyForDeploymentPostprocessing = 0;
		};
/* End PBXResourcesBuildPhase section */

/* Begin PBXShellScriptBuildPhase section */
		7EF4E0D2F3463DB1E276AE3E /* [CP] Check Pods Manifest.lock */ = {
			isa = PBXShellScriptBuildPhase;
			buildActionMask = 2147483647;
			files = (
			);
			inputFileListPaths = (
			);
			inputPaths = (
				"${PODS_PODFILE_DIR_PATH}/Podfile.lock",
				"${PODS_ROOT}/Manifest.lock",
			);
			name = "[CP] Check Pods Manifest.lock";
			outputFileListPaths = (
			);
			outputPaths = (
				"$(DERIVED_FILE_DIR)/Pods-RickAndMortyApp-checkManifestLockResult.txt",
			);
			runOnlyForDeploymentPostprocessing = 0;
			shellPath = /bin/sh;
			shellScript = "diff \"${PODS_PODFILE_DIR_PATH}/Podfile.lock\" \"${PODS_ROOT}/Manifest.lock\" > /dev/null\nif [ $? != 0 ] ; then\n    # print error to STDERR\n    echo \"error: The sandbox is not in sync with the Podfile.lock. Run 'pod install' or update your CocoaPods installation.\" >&2\n    exit 1\nfi\n# This output is used by Xcode 'outputs' to avoid re-running this script phase.\necho \"SUCCESS\" > \"${SCRIPT_OUTPUT_FILE_0}\"\n";
			showEnvVarsInLog = 0;
		};
		FDB6703340B64B98ED13C280 /* [CP] Embed Pods Frameworks */ = {
			isa = PBXShellScriptBuildPhase;
			buildActionMask = 2147483647;
			files = (
			);
			inputFileListPaths = (
				"${PODS_ROOT}/Target Support Files/Pods-RickAndMortyApp/Pods-RickAndMortyApp-frameworks-${CONFIGURATION}-input-files.xcfilelist",
			);
			name = "[CP] Embed Pods Frameworks";
			outputFileListPaths = (
				"${PODS_ROOT}/Target Support Files/Pods-RickAndMortyApp/Pods-RickAndMortyApp-frameworks-${CONFIGURATION}-output-files.xcfilelist",
			);
			runOnlyForDeploymentPostprocessing = 0;
			shellPath = /bin/sh;
			shellScript = "\"${PODS_ROOT}/Target Support Files/Pods-RickAndMortyApp/Pods-RickAndMortyApp-frameworks.sh\"\n";
			showEnvVarsInLog = 0;
		};
/* End PBXShellScriptBuildPhase section */

/* Begin PBXSourcesBuildPhase section */
		02FBD7F527F60AE700959860 /* Sources */ = {
			isa = PBXSourcesBuildPhase;
			buildActionMask = 2147483647;
			files = (
				02A33E0E27F62D000063C0FC /* BaseViewController.swift in Sources */,
				02A33E0827F622BA0063C0FC /* CharacterListViewModel.swift in Sources */,
				02A33E2027F6399F0063C0FC /* DataProvider.swift in Sources */,
				02A33E1527F635050063C0FC /* CharacterListCollectionViewCell.swift in Sources */,
				02A33E1E27F6398B0063C0FC /* APIManager.swift in Sources */,
				02A33E2227F639DA0063C0FC /* TypeAliases.swift in Sources */,
				02FBD80127F60AE700959860 /* CharacterListViewController.swift in Sources */,
				02A33E2427F639FC0063C0FC /* HTTPMethods.swift in Sources */,
				02FBD7FD27F60AE700959860 /* AppDelegate.swift in Sources */,
				02FBD7FF27F60AE700959860 /* SceneDelegate.swift in Sources */,
				02A33E1227F632C20063C0FC /* BaseViewModel.swift in Sources */,
				02A33E2627F63AE10063C0FC /* Constants.swift in Sources */,
			);
			runOnlyForDeploymentPostprocessing = 0;
		};
/* End PBXSourcesBuildPhase section */

/* Begin PBXVariantGroup section */
		02FBD80727F60AE800959860 /* LaunchScreen.storyboard */ = {
			isa = PBXVariantGroup;
			children = (
				02FBD80827F60AE800959860 /* Base */,
			);
			name = LaunchScreen.storyboard;
			sourceTree = "<group>";
		};
/* End PBXVariantGroup section */

/* Begin XCBuildConfiguration section */
		02FBD80B27F60AE800959860 /* Debug */ = {
			isa = XCBuildConfiguration;
			buildSettings = {
				ALWAYS_SEARCH_USER_PATHS = NO;
				CLANG_ANALYZER_NONNULL = YES;
				CLANG_ANALYZER_NUMBER_OBJECT_CONVERSION = YES_AGGRESSIVE;
				CLANG_CXX_LANGUAGE_STANDARD = "gnu++17";
				CLANG_CXX_LIBRARY = "libc++";
				CLANG_ENABLE_MODULES = YES;
				CLANG_ENABLE_OBJC_ARC = YES;
				CLANG_ENABLE_OBJC_WEAK = YES;
				CLANG_WARN_BLOCK_CAPTURE_AUTORELEASING = YES;
				CLANG_WARN_BOOL_CONVERSION = YES;
				CLANG_WARN_COMMA = YES;
				CLANG_WARN_CONSTANT_CONVERSION = YES;
				CLANG_WARN_DEPRECATED_OBJC_IMPLEMENTATIONS = YES;
				CLANG_WARN_DIRECT_OBJC_ISA_USAGE = YES_ERROR;
				CLANG_WARN_DOCUMENTATION_COMMENTS = YES;
				CLANG_WARN_EMPTY_BODY = YES;
				CLANG_WARN_ENUM_CONVERSION = YES;
				CLANG_WARN_INFINITE_RECURSION = YES;
				CLANG_WARN_INT_CONVERSION = YES;
				CLANG_WARN_NON_LITERAL_NULL_CONVERSION = YES;
				CLANG_WARN_OBJC_IMPLICIT_RETAIN_SELF = YES;
				CLANG_WARN_OBJC_LITERAL_CONVERSION = YES;
				CLANG_WARN_OBJC_ROOT_CLASS = YES_ERROR;
				CLANG_WARN_QUOTED_INCLUDE_IN_FRAMEWORK_HEADER = YES;
				CLANG_WARN_RANGE_LOOP_ANALYSIS = YES;
				CLANG_WARN_STRICT_PROTOTYPES = YES;
				CLANG_WARN_SUSPICIOUS_MOVE = YES;
				CLANG_WARN_UNGUARDED_AVAILABILITY = YES_AGGRESSIVE;
				CLANG_WARN_UNREACHABLE_CODE = YES;
				CLANG_WARN__DUPLICATE_METHOD_MATCH = YES;
				COPY_PHASE_STRIP = NO;
				DEBUG_INFORMATION_FORMAT = dwarf;
				ENABLE_STRICT_OBJC_MSGSEND = YES;
				ENABLE_TESTABILITY = YES;
				GCC_C_LANGUAGE_STANDARD = gnu11;
				GCC_DYNAMIC_NO_PIC = NO;
				GCC_NO_COMMON_BLOCKS = YES;
				GCC_OPTIMIZATION_LEVEL = 0;
				GCC_PREPROCESSOR_DEFINITIONS = (
					"DEBUG=1",
					"$(inherited)",
				);
				GCC_WARN_64_TO_32_BIT_CONVERSION = YES;
				GCC_WARN_ABOUT_RETURN_TYPE = YES_ERROR;
				GCC_WARN_UNDECLARED_SELECTOR = YES;
				GCC_WARN_UNINITIALIZED_AUTOS = YES_AGGRESSIVE;
				GCC_WARN_UNUSED_FUNCTION = YES;
				GCC_WARN_UNUSED_VARIABLE = YES;
				IPHONEOS_DEPLOYMENT_TARGET = 15.2;
				MTL_ENABLE_DEBUG_INFO = INCLUDE_SOURCE;
				MTL_FAST_MATH = YES;
				ONLY_ACTIVE_ARCH = YES;
				SDKROOT = iphoneos;
				SWIFT_ACTIVE_COMPILATION_CONDITIONS = DEBUG;
				SWIFT_OPTIMIZATION_LEVEL = "-Onone";
			};
			name = Debug;
		};
		02FBD80C27F60AE800959860 /* Release */ = {
			isa = XCBuildConfiguration;
			buildSettings = {
				ALWAYS_SEARCH_USER_PATHS = NO;
				CLANG_ANALYZER_NONNULL = YES;
				CLANG_ANALYZER_NUMBER_OBJECT_CONVERSION = YES_AGGRESSIVE;
				CLANG_CXX_LANGUAGE_STANDARD = "gnu++17";
				CLANG_CXX_LIBRARY = "libc++";
				CLANG_ENABLE_MODULES = YES;
				CLANG_ENABLE_OBJC_ARC = YES;
				CLANG_ENABLE_OBJC_WEAK = YES;
				CLANG_WARN_BLOCK_CAPTURE_AUTORELEASING = YES;
				CLANG_WARN_BOOL_CONVERSION = YES;
				CLANG_WARN_COMMA = YES;
				CLANG_WARN_CONSTANT_CONVERSION = YES;
				CLANG_WARN_DEPRECATED_OBJC_IMPLEMENTATIONS = YES;
				CLANG_WARN_DIRECT_OBJC_ISA_USAGE = YES_ERROR;
				CLANG_WARN_DOCUMENTATION_COMMENTS = YES;
				CLANG_WARN_EMPTY_BODY = YES;
				CLANG_WARN_ENUM_CONVERSION = YES;
				CLANG_WARN_INFINITE_RECURSION = YES;
				CLANG_WARN_INT_CONVERSION = YES;
				CLANG_WARN_NON_LITERAL_NULL_CONVERSION = YES;
				CLANG_WARN_OBJC_IMPLICIT_RETAIN_SELF = YES;
				CLANG_WARN_OBJC_LITERAL_CONVERSION = YES;
				CLANG_WARN_OBJC_ROOT_CLASS = YES_ERROR;
				CLANG_WARN_QUOTED_INCLUDE_IN_FRAMEWORK_HEADER = YES;
				CLANG_WARN_RANGE_LOOP_ANALYSIS = YES;
				CLANG_WARN_STRICT_PROTOTYPES = YES;
				CLANG_WARN_SUSPICIOUS_MOVE = YES;
				CLANG_WARN_UNGUARDED_AVAILABILITY = YES_AGGRESSIVE;
				CLANG_WARN_UNREACHABLE_CODE = YES;
				CLANG_WARN__DUPLICATE_METHOD_MATCH = YES;
				COPY_PHASE_STRIP = NO;
				DEBUG_INFORMATION_FORMAT = "dwarf-with-dsym";
				ENABLE_NS_ASSERTIONS = NO;
				ENABLE_STRICT_OBJC_MSGSEND = YES;
				GCC_C_LANGUAGE_STANDARD = gnu11;
				GCC_NO_COMMON_BLOCKS = YES;
				GCC_WARN_64_TO_32_BIT_CONVERSION = YES;
				GCC_WARN_ABOUT_RETURN_TYPE = YES_ERROR;
				GCC_WARN_UNDECLARED_SELECTOR = YES;
				GCC_WARN_UNINITIALIZED_AUTOS = YES_AGGRESSIVE;
				GCC_WARN_UNUSED_FUNCTION = YES;
				GCC_WARN_UNUSED_VARIABLE = YES;
				IPHONEOS_DEPLOYMENT_TARGET = 15.2;
				MTL_ENABLE_DEBUG_INFO = NO;
				MTL_FAST_MATH = YES;
				SDKROOT = iphoneos;
				SWIFT_COMPILATION_MODE = wholemodule;
				SWIFT_OPTIMIZATION_LEVEL = "-O";
				VALIDATE_PRODUCT = YES;
			};
			name = Release;
		};
		02FBD80E27F60AE800959860 /* Debug */ = {
			isa = XCBuildConfiguration;
			baseConfigurationReference = E719811B4F7EBCD6E7AE9E0E /* Pods-RickAndMortyApp.debug.xcconfig */;
			buildSettings = {
				ASSETCATALOG_COMPILER_APPICON_NAME = AppIcon;
				ASSETCATALOG_COMPILER_GLOBAL_ACCENT_COLOR_NAME = AccentColor;
				CODE_SIGN_STYLE = Automatic;
				CURRENT_PROJECT_VERSION = 1;
				GENERATE_INFOPLIST_FILE = YES;
				INFOPLIST_FILE = RickAndMortyApp/Info.plist;
				INFOPLIST_KEY_UIApplicationSupportsIndirectInputEvents = YES;
				INFOPLIST_KEY_UILaunchStoryboardName = LaunchScreen;
				INFOPLIST_KEY_UISupportedInterfaceOrientations_iPad = "UIInterfaceOrientationPortrait UIInterfaceOrientationPortraitUpsideDown UIInterfaceOrientationLandscapeLeft UIInterfaceOrientationLandscapeRight";
				INFOPLIST_KEY_UISupportedInterfaceOrientations_iPhone = "UIInterfaceOrientationPortrait UIInterfaceOrientationLandscapeLeft UIInterfaceOrientationLandscapeRight";
				IPHONEOS_DEPLOYMENT_TARGET = 11.0;
				LD_RUNPATH_SEARCH_PATHS = (
					"$(inherited)",
					"@executable_path/Frameworks",
				);
				MARKETING_VERSION = 1.0;
				PRODUCT_BUNDLE_IDENTIFIER = cemkazim.RickAndMortyApp;
				PRODUCT_NAME = "$(TARGET_NAME)";
				SWIFT_EMIT_LOC_STRINGS = YES;
				SWIFT_VERSION = 5.0;
				TARGETED_DEVICE_FAMILY = "1,2";
			};
			name = Debug;
		};
		02FBD80F27F60AE800959860 /* Release */ = {
			isa = XCBuildConfiguration;
			baseConfigurationReference = 6F770081A8C333C24E872091 /* Pods-RickAndMortyApp.release.xcconfig */;
			buildSettings = {
				ASSETCATALOG_COMPILER_APPICON_NAME = AppIcon;
				ASSETCATALOG_COMPILER_GLOBAL_ACCENT_COLOR_NAME = AccentColor;
				CODE_SIGN_STYLE = Automatic;
				CURRENT_PROJECT_VERSION = 1;
				GENERATE_INFOPLIST_FILE = YES;
				INFOPLIST_FILE = RickAndMortyApp/Info.plist;
				INFOPLIST_KEY_UIApplicationSupportsIndirectInputEvents = YES;
				INFOPLIST_KEY_UILaunchStoryboardName = LaunchScreen;
				INFOPLIST_KEY_UISupportedInterfaceOrientations_iPad = "UIInterfaceOrientationPortrait UIInterfaceOrientationPortraitUpsideDown UIInterfaceOrientationLandscapeLeft UIInterfaceOrientationLandscapeRight";
				INFOPLIST_KEY_UISupportedInterfaceOrientations_iPhone = "UIInterfaceOrientationPortrait UIInterfaceOrientationLandscapeLeft UIInterfaceOrientationLandscapeRight";
				IPHONEOS_DEPLOYMENT_TARGET = 11.0;
				LD_RUNPATH_SEARCH_PATHS = (
					"$(inherited)",
					"@executable_path/Frameworks",
				);
				MARKETING_VERSION = 1.0;
				PRODUCT_BUNDLE_IDENTIFIER = cemkazim.RickAndMortyApp;
				PRODUCT_NAME = "$(TARGET_NAME)";
				SWIFT_EMIT_LOC_STRINGS = YES;
				SWIFT_VERSION = 5.0;
				TARGETED_DEVICE_FAMILY = "1,2";
			};
			name = Release;
		};
/* End XCBuildConfiguration section */

/* Begin XCConfigurationList section */
		02FBD7F427F60AE700959860 /* Build configuration list for PBXProject "RickAndMortyApp" */ = {
			isa = XCConfigurationList;
			buildConfigurations = (
				02FBD80B27F60AE800959860 /* Debug */,
				02FBD80C27F60AE800959860 /* Release */,
			);
			defaultConfigurationIsVisible = 0;
			defaultConfigurationName = Release;
		};
		02FBD80D27F60AE800959860 /* Build configuration list for PBXNativeTarget "RickAndMortyApp" */ = {
			isa = XCConfigurationList;
			buildConfigurations = (
				02FBD80E27F60AE800959860 /* Debug */,
				02FBD80F27F60AE800959860 /* Release */,
			);
			defaultConfigurationIsVisible = 0;
			defaultConfigurationName = Release;
		};
/* End XCConfigurationList section */
	};
	rootObject = 02FBD7F127F60AE700959860 /* Project object */;
}
